// !$*UTF8*$!
{
	archiveVersion = 1;
	classes = {
	};
	objectVersion = 56;
	objects = {

/* Begin PBXBuildFile section */
		13EC9B022B1DE79A00448BE1 /* DiceRollerApp.swift in Sources */ = {isa = PBXBuildFile; fileRef = 13EC9B012B1DE79A00448BE1 /* DiceRollerApp.swift */; };
		13EC9B062B1DE79A00448BE1 /* Assets.xcassets in Resources */ = {isa = PBXBuildFile; fileRef = 13EC9B052B1DE79A00448BE1 /* Assets.xcassets */; };
		13EC9B092B1DE79A00448BE1 /* Preview Assets.xcassets in Resources */ = {isa = PBXBuildFile; fileRef = 13EC9B082B1DE79A00448BE1 /* Preview Assets.xcassets */; };
		13EC9B132B1DE79B00448BE1 /* DiceRollerTests.swift in Sources */ = {isa = PBXBuildFile; fileRef = 13EC9B122B1DE79B00448BE1 /* DiceRollerTests.swift */; };
		13EC9B1D2B1DE79B00448BE1 /* DiceRollerUITests.swift in Sources */ = {isa = PBXBuildFile; fileRef = 13EC9B1C2B1DE79B00448BE1 /* DiceRollerUITests.swift */; };
		13EC9B1F2B1DE79B00448BE1 /* DiceRollerUITestsLaunchTests.swift in Sources */ = {isa = PBXBuildFile; fileRef = 13EC9B1E2B1DE79B00448BE1 /* DiceRollerUITestsLaunchTests.swift */; };
		13EC9B2C2B1DE7B800448BE1 /* DiceView.swift in Sources */ = {isa = PBXBuildFile; fileRef = 13EC9B2B2B1DE7B800448BE1 /* DiceView.swift */; };
		13F2FDF82B1E0DFF00AA24B1 /* ContentView.swift in Sources */ = {isa = PBXBuildFile; fileRef = 13EC9B032B1DE79A00448BE1 /* ContentView.swift */; };
/* End PBXBuildFile section */

/* Begin PBXContainerItemProxy section */
		13EC9B0F2B1DE79B00448BE1 /* PBXContainerItemProxy */ = {
			isa = PBXContainerItemProxy;
			containerPortal = 13EC9AF62B1DE79A00448BE1 /* Project object */;
			proxyType = 1;
			remoteGlobalIDString = 13EC9AFD2B1DE79A00448BE1;
			remoteInfo = DiceRoller;
		};
		13EC9B192B1DE79B00448BE1 /* PBXContainerItemProxy */ = {
			isa = PBXContainerItemProxy;
			containerPortal = 13EC9AF62B1DE79A00448BE1 /* Project object */;
			proxyType = 1;
			remoteGlobalIDString = 13EC9AFD2B1DE79A00448BE1;
			remoteInfo = DiceRoller;
		};
/* End PBXContainerItemProxy section */

/* Begin PBXFileReference section */
		13EC9AFE2B1DE79A00448BE1 /* DiceRoller.app */ = {isa = PBXFileReference; explicitFileType = wrapper.application; includeInIndex = 0; path = DiceRoller.app; sourceTree = BUILT_PRODUCTS_DIR; };
		13EC9B012B1DE79A00448BE1 /* DiceRollerApp.swift */ = {isa = PBXFileReference; lastKnownFileType = sourcecode.swift; path = DiceRollerApp.swift; sourceTree = "<group>"; };
		13EC9B032B1DE79A00448BE1 /* ContentView.swift */ = {isa = PBXFileReference; lastKnownFileType = sourcecode.swift; path = ContentView.swift; sourceTree = "<group>"; };
		13EC9B052B1DE79A00448BE1 /* Assets.xcassets */ = {isa = PBXFileReference; lastKnownFileType = folder.assetcatalog; path = Assets.xcassets; sourceTree = "<group>"; };
		13EC9B082B1DE79A00448BE1 /* Preview Assets.xcassets */ = {isa = PBXFileReference; lastKnownFileType = folder.assetcatalog; path = "Preview Assets.xcassets"; sourceTree = "<group>"; };
		13EC9B0E2B1DE79B00448BE1 /* DiceRollerTests.xctest */ = {isa = PBXFileReference; explicitFileType = wrapper.cfbundle; includeInIndex = 0; path = DiceRollerTests.xctest; sourceTree = BUILT_PRODUCTS_DIR; };
		13EC9B122B1DE79B00448BE1 /* DiceRollerTests.swift */ = {isa = PBXFileReference; lastKnownFileType = sourcecode.swift; path = DiceRollerTests.swift; sourceTree = "<group>"; };
		13EC9B182B1DE79B00448BE1 /* DiceRollerUITests.xctest */ = {isa = PBXFileReference; explicitFileType = wrapper.cfbundle; includeInIndex = 0; path = DiceRollerUITests.xctest; sourceTree = BUILT_PRODUCTS_DIR; };
		13EC9B1C2B1DE79B00448BE1 /* DiceRollerUITests.swift */ = {isa = PBXFileReference; lastKnownFileType = sourcecode.swift; path = DiceRollerUITests.swift; sourceTree = "<group>"; };
		13EC9B1E2B1DE79B00448BE1 /* DiceRollerUITestsLaunchTests.swift */ = {isa = PBXFileReference; lastKnownFileType = sourcecode.swift; path = DiceRollerUITestsLaunchTests.swift; sourceTree = "<group>"; };
		13EC9B2B2B1DE7B800448BE1 /* DiceView.swift */ = {isa = PBXFileReference; lastKnownFileType = sourcecode.swift; path = DiceView.swift; sourceTree = "<group>"; };
/* End PBXFileReference section */

/* Begin PBXFrameworksBuildPhase section */
		13EC9AFB2B1DE79A00448BE1 /* Frameworks */ = {
			isa = PBXFrameworksBuildPhase;
			buildActionMask = 2147483647;
			files = (
			);
			runOnlyForDeploymentPostprocessing = 0;
		};
		13EC9B0B2B1DE79B00448BE1 /* Frameworks */ = {
			isa = PBXFrameworksBuildPhase;
			buildActionMask = 2147483647;
			files = (
			);
			runOnlyForDeploymentPostprocessing = 0;
		};
		13EC9B152B1DE79B00448BE1 /* Frameworks */ = {
			isa = PBXFrameworksBuildPhase;
			buildActionMask = 2147483647;
			files = (
			);
			runOnlyForDeploymentPostprocessing = 0;
		};
/* End PBXFrameworksBuildPhase section */

/* Begin PBXGroup section */
		13EC9AF52B1DE79A00448BE1 = {
			isa = PBXGroup;
			children = (
				13EC9B002B1DE79A00448BE1 /* DiceRoller */,
				13EC9B112B1DE79B00448BE1 /* DiceRollerTests */,
				13EC9B1B2B1DE79B00448BE1 /* DiceRollerUITests */,
				13EC9AFF2B1DE79A00448BE1 /* Products */,
			);
			sourceTree = "<group>";
		};
		13EC9AFF2B1DE79A00448BE1 /* Products */ = {
			isa = PBXGroup;
			children = (
				13EC9AFE2B1DE79A00448BE1 /* DiceRoller.app */,
				13EC9B0E2B1DE79B00448BE1 /* DiceRollerTests.xctest */,
				13EC9B182B1DE79B00448BE1 /* DiceRollerUITests.xctest */,
			);
			name = Products;
			sourceTree = "<group>";
		};
		13EC9B002B1DE79A00448BE1 /* DiceRoller */ = {
			isa = PBXGroup;
			children = (
				13EC9B012B1DE79A00448BE1 /* DiceRollerApp.swift */,
				13EC9B032B1DE79A00448BE1 /* ContentView.swift */,
				13EC9B2B2B1DE7B800448BE1 /* DiceView.swift */,
				13EC9B052B1DE79A00448BE1 /* Assets.xcassets */,
				13EC9B072B1DE79A00448BE1 /* Preview Content */,
			);
			path = DiceRoller;
			sourceTree = "<group>";
		};
		13EC9B072B1DE79A00448BE1 /* Preview Content */ = {
			isa = PBXGroup;
			children = (
				13EC9B082B1DE79A00448BE1 /* Preview Assets.xcassets */,
			);
			path = "Preview Content";
			sourceTree = "<group>";
		};
		13EC9B112B1DE79B00448BE1 /* DiceRollerTests */ = {
			isa = PBXGroup;
			children = (
				13EC9B122B1DE79B00448BE1 /* DiceRollerTests.swift */,
			);
			path = DiceRollerTests;
			sourceTree = "<group>";
		};
		13EC9B1B2B1DE79B00448BE1 /* DiceRollerUITests */ = {
			isa = PBXGroup;
			children = (
				13EC9B1C2B1DE79B00448BE1 /* DiceRollerUITests.swift */,
				13EC9B1E2B1DE79B00448BE1 /* DiceRollerUITestsLaunchTests.swift */,
			);
			path = DiceRollerUITests;
			sourceTree = "<group>";
		};
/* End PBXGroup section */

/* Begin PBXNativeTarget section */
		13EC9AFD2B1DE79A00448BE1 /* DiceRoller */ = {
			isa = PBXNativeTarget;
			buildConfigurationList = 13EC9B222B1DE79B00448BE1 /* Build configuration list for PBXNativeTarget "DiceRoller" */;
			buildPhases = (
				13EC9AFA2B1DE79A00448BE1 /* Sources */,
				13EC9AFB2B1DE79A00448BE1 /* Frameworks */,
				13EC9AFC2B1DE79A00448BE1 /* Resources */,
			);
			buildRules = (
			);
			dependencies = (
			);
			name = DiceRoller;
			productName = DiceRoller;
			productReference = 13EC9AFE2B1DE79A00448BE1 /* DiceRoller.app */;
			productType = "com.apple.product-type.application";
		};
		13EC9B0D2B1DE79B00448BE1 /* DiceRollerTests */ = {
			isa = PBXNativeTarget;
			buildConfigurationList = 13EC9B252B1DE79B00448BE1 /* Build configuration list for PBXNativeTarget "DiceRollerTests" */;
			buildPhases = (
				13EC9B0A2B1DE79B00448BE1 /* Sources */,
				13EC9B0B2B1DE79B00448BE1 /* Frameworks */,
				13EC9B0C2B1DE79B00448BE1 /* Resources */,
			);
			buildRules = (
			);
			dependencies = (
				13EC9B102B1DE79B00448BE1 /* PBXTargetDependency */,
			);
			name = DiceRollerTests;
			productName = DiceRollerTests;
			productReference = 13EC9B0E2B1DE79B00448BE1 /* DiceRollerTests.xctest */;
			productType = "com.apple.product-type.bundle.unit-test";
		};
		13EC9B172B1DE79B00448BE1 /* DiceRollerUITests */ = {
			isa = PBXNativeTarget;
			buildConfigurationList = 13EC9B282B1DE79B00448BE1 /* Build configuration list for PBXNativeTarget "DiceRollerUITests" */;
			buildPhases = (
				13EC9B142B1DE79B00448BE1 /* Sources */,
				13EC9B152B1DE79B00448BE1 /* Frameworks */,
				13EC9B162B1DE79B00448BE1 /* Resources */,
			);
			buildRules = (
			);
			dependencies = (
				13EC9B1A2B1DE79B00448BE1 /* PBXTargetDependency */,
			);
			name = DiceRollerUITests;
			productName = DiceRollerUITests;
			productReference = 13EC9B182B1DE79B00448BE1 /* DiceRollerUITests.xctest */;
			productType = "com.apple.product-type.bundle.ui-testing";
		};
/* End PBXNativeTarget section */

/* Begin PBXProject section */
		13EC9AF62B1DE79A00448BE1 /* Project object */ = {
			isa = PBXProject;
			attributes = {
				BuildIndependentTargetsInParallel = 1;
				LastSwiftUpdateCheck = 1500;
				LastUpgradeCheck = 1500;
				TargetAttributes = {
					13EC9AFD2B1DE79A00448BE1 = {
						CreatedOnToolsVersion = 15.0.1;
					};
					13EC9B0D2B1DE79B00448BE1 = {
						CreatedOnToolsVersion = 15.0.1;
						TestTargetID = 13EC9AFD2B1DE79A00448BE1;
					};
					13EC9B172B1DE79B00448BE1 = {
						CreatedOnToolsVersion = 15.0.1;
						TestTargetID = 13EC9AFD2B1DE79A00448BE1;
					};
				};
			};
			buildConfigurationList = 13EC9AF92B1DE79A00448BE1 /* Build configuration list for PBXProject "DiceRoller" */;
			compatibilityVersion = "Xcode 14.0";
			developmentRegion = en;
			hasScannedForEncodings = 0;
			knownRegions = (
				en,
				Base,
			);
			mainGroup = 13EC9AF52B1DE79A00448BE1;
			productRefGroup = 13EC9AFF2B1DE79A00448BE1 /* Products */;
			projectDirPath = "";
			projectRoot = "";
			targets = (
				13EC9AFD2B1DE79A00448BE1 /* DiceRoller */,
				13EC9B0D2B1DE79B00448BE1 /* DiceRollerTests */,
				13EC9B172B1DE79B00448BE1 /* DiceRollerUITests */,
			);
		};
/* End PBXProject section */

/* Begin PBXResourcesBuildPhase section */
		13EC9AFC2B1DE79A00448BE1 /* Resources */ = {
			isa = PBXResourcesBuildPhase;
			buildActionMask = 2147483647;
			files = (
				13EC9B092B1DE79A00448BE1 /* Preview Assets.xcassets in Resources */,
				13EC9B062B1DE79A00448BE1 /* Assets.xcassets in Resources */,
			);
			runOnlyForDeploymentPostprocessing = 0;
		};
		13EC9B0C2B1DE79B00448BE1 /* Resources */ = {
			isa = PBXResourcesBuildPhase;
			buildActionMask = 2147483647;
			files = (
			);
			runOnlyForDeploymentPostprocessing = 0;
		};
		13EC9B162B1DE79B00448BE1 /* Resources */ = {
			isa = PBXResourcesBuildPhase;
			buildActionMask = 2147483647;
			files = (
			);
			runOnlyForDeploymentPostprocessing = 0;
		};
/* End PBXResourcesBuildPhase section */

/* Begin PBXSourcesBuildPhase section */
		13EC9AFA2B1DE79A00448BE1 /* Sources */ = {
			isa = PBXSourcesBuildPhase;
			buildActionMask = 2147483647;
			files = (
				13EC9B2C2B1DE7B800448BE1 /* DiceView.swift in Sources */,
				13EC9B022B1DE79A00448BE1 /* DiceRollerApp.swift in Sources */,
				13F2FDF82B1E0DFF00AA24B1 /* ContentView.swift in Sources */,
			);
			runOnlyForDeploymentPostprocessing = 0;
		};
		13EC9B0A2B1DE79B00448BE1 /* Sources */ = {
			isa = PBXSourcesBuildPhase;
			buildActionMask = 2147483647;
			files = (
				13EC9B132B1DE79B00448BE1 /* DiceRollerTests.swift in Sources */,
			);
			runOnlyForDeploymentPostprocessing = 0;
		};
		13EC9B142B1DE79B00448BE1 /* Sources */ = {
			isa = PBXSourcesBuildPhase;
			buildActionMask = 2147483647;
			files = (
				13EC9B1D2B1DE79B00448BE1 /* DiceRollerUITests.swift in Sources */,
				13EC9B1F2B1DE79B00448BE1 /* DiceRollerUITestsLaunchTests.swift in Sources */,
			);
			runOnlyForDeploymentPostprocessing = 0;
		};
/* End PBXSourcesBuildPhase section */

/* Begin PBXTargetDependency section */
		13EC9B102B1DE79B00448BE1 /* PBXTargetDependency */ = {
			isa = PBXTargetDependency;
			target = 13EC9AFD2B1DE79A00448BE1 /* DiceRoller */;
			targetProxy = 13EC9B0F2B1DE79B00448BE1 /* PBXContainerItemProxy */;
		};
		13EC9B1A2B1DE79B00448BE1 /* PBXTargetDependency */ = {
			isa = PBXTargetDependency;
			target = 13EC9AFD2B1DE79A00448BE1 /* DiceRoller */;
			targetProxy = 13EC9B192B1DE79B00448BE1 /* PBXContainerItemProxy */;
		};
/* End PBXTargetDependency section */

/* Begin XCBuildConfiguration section */
		13EC9B202B1DE79B00448BE1 /* Debug */ = {
			isa = XCBuildConfiguration;
			buildSettings = {
				ALWAYS_SEARCH_USER_PATHS = NO;
				ASSETCATALOG_COMPILER_GENERATE_SWIFT_ASSET_SYMBOL_EXTENSIONS = YES;
				CLANG_ANALYZER_NONNULL = YES;
				CLANG_ANALYZER_NUMBER_OBJECT_CONVERSION = YES_AGGRESSIVE;
				CLANG_CXX_LANGUAGE_STANDARD = "gnu++20";
				CLANG_ENABLE_MODULES = YES;
				CLANG_ENABLE_OBJC_ARC = YES;
				CLANG_ENABLE_OBJC_WEAK = YES;
				CLANG_WARN_BLOCK_CAPTURE_AUTORELEASING = YES;
				CLANG_WARN_BOOL_CONVERSION = YES;
				CLANG_WARN_COMMA = YES;
				CLANG_WARN_CONSTANT_CONVERSION = YES;
				CLANG_WARN_DEPRECATED_OBJC_IMPLEMENTATIONS = YES;
				CLANG_WARN_DIRECT_OBJC_ISA_USAGE = YES_ERROR;
				CLANG_WARN_DOCUMENTATION_COMMENTS = YES;
				CLANG_WARN_EMPTY_BODY = YES;
				CLANG_WARN_ENUM_CONVERSION = YES;
				CLANG_WARN_INFINITE_RECURSION = YES;
				CLANG_WARN_INT_CONVERSION = YES;
				CLANG_WARN_NON_LITERAL_NULL_CONVERSION = YES;
				CLANG_WARN_OBJC_IMPLICIT_RETAIN_SELF = YES;
				CLANG_WARN_OBJC_LITERAL_CONVERSION = YES;
				CLANG_WARN_OBJC_ROOT_CLASS = YES_ERROR;
				CLANG_WARN_QUOTED_INCLUDE_IN_FRAMEWORK_HEADER = YES;
				CLANG_WARN_RANGE_LOOP_ANALYSIS = YES;
				CLANG_WARN_STRICT_PROTOTYPES = YES;
				CLANG_WARN_SUSPICIOUS_MOVE = YES;
				CLANG_WARN_UNGUARDED_AVAILABILITY = YES_AGGRESSIVE;
				CLANG_WARN_UNREACHABLE_CODE = YES;
				CLANG_WARN__DUPLICATE_METHOD_MATCH = YES;
				COPY_PHASE_STRIP = NO;
				DEBUG_INFORMATION_FORMAT = dwarf;
				ENABLE_STRICT_OBJC_MSGSEND = YES;
				ENABLE_TESTABILITY = YES;
				ENABLE_USER_SCRIPT_SANDBOXING = YES;
				GCC_C_LANGUAGE_STANDARD = gnu17;
				GCC_DYNAMIC_NO_PIC = NO;
				GCC_NO_COMMON_BLOCKS = YES;
				GCC_OPTIMIZATION_LEVEL = 0;
				GCC_PREPROCESSOR_DEFINITIONS = (
					"DEBUG=1",
					"$(inherited)",
				);
				GCC_WARN_64_TO_32_BIT_CONVERSION = YES;
				GCC_WARN_ABOUT_RETURN_TYPE = YES_ERROR;
				GCC_WARN_UNDECLARED_SELECTOR = YES;
				GCC_WARN_UNINITIALIZED_AUTOS = YES_AGGRESSIVE;
				GCC_WARN_UNUSED_FUNCTION = YES;
				GCC_WARN_UNUSED_VARIABLE = YES;
				IPHONEOS_DEPLOYMENT_TARGET = 17.0;
				LOCALIZATION_PREFERS_STRING_CATALOGS = YES;
				MTL_ENABLE_DEBUG_INFO = INCLUDE_SOURCE;
				MTL_FAST_MATH = YES;
				ONLY_ACTIVE_ARCH = YES;
				SDKROOT = iphoneos;
				SWIFT_ACTIVE_COMPILATION_CONDITIONS = "DEBUG $(inherited)";
				SWIFT_OPTIMIZATION_LEVEL = "-Onone";
			};
			name = Debug;
		};
		13EC9B212B1DE79B00448BE1 /* Release */ = {
			isa = XCBuildConfiguration;
			buildSettings = {
				ALWAYS_SEARCH_USER_PATHS = NO;
				ASSETCATALOG_COMPILER_GENERATE_SWIFT_ASSET_SYMBOL_EXTENSIONS = YES;
				CLANG_ANALYZER_NONNULL = YES;
				CLANG_ANALYZER_NUMBER_OBJECT_CONVERSION = YES_AGGRESSIVE;
				CLANG_CXX_LANGUAGE_STANDARD = "gnu++20";
				CLANG_ENABLE_MODULES = YES;
				CLANG_ENABLE_OBJC_ARC = YES;
				CLANG_ENABLE_OBJC_WEAK = YES;
				CLANG_WARN_BLOCK_CAPTURE_AUTORELEASING = YES;
				CLANG_WARN_BOOL_CONVERSION = YES;
				CLANG_WARN_COMMA = YES;
				CLANG_WARN_CONSTANT_CONVERSION = YES;
				CLANG_WARN_DEPRECATED_OBJC_IMPLEMENTATIONS = YES;
				CLANG_WARN_DIRECT_OBJC_ISA_USAGE = YES_ERROR;
				CLANG_WARN_DOCUMENTATION_COMMENTS = YES;
				CLANG_WARN_EMPTY_BODY = YES;
				CLANG_WARN_ENUM_CONVERSION = YES;
				CLANG_WARN_INFINITE_RECURSION = YES;
				CLANG_WARN_INT_CONVERSION = YES;
				CLANG_WARN_NON_LITERAL_NULL_CONVERSION = YES;
				CLANG_WARN_OBJC_IMPLICIT_RETAIN_SELF = YES;
				CLANG_WARN_OBJC_LITERAL_CONVERSION = YES;
				CLANG_WARN_OBJC_ROOT_CLASS = YES_ERROR;
				CLANG_WARN_QUOTED_INCLUDE_IN_FRAMEWORK_HEADER = YES;
				CLANG_WARN_RANGE_LOOP_ANALYSIS = YES;
				CLANG_WARN_STRICT_PROTOTYPES = YES;
				CLANG_WARN_SUSPICIOUS_MOVE = YES;
				CLANG_WARN_UNGUARDED_AVAILABILITY = YES_AGGRESSIVE;
				CLANG_WARN_UNREACHABLE_CODE = YES;
				CLANG_WARN__DUPLICATE_METHOD_MATCH = YES;
				COPY_PHASE_STRIP = NO;
				DEBUG_INFORMATION_FORMAT = "dwarf-with-dsym";
				ENABLE_NS_ASSERTIONS = NO;
				ENABLE_STRICT_OBJC_MSGSEND = YES;
				ENABLE_USER_SCRIPT_SANDBOXING = YES;
				GCC_C_LANGUAGE_STANDARD = gnu17;
				GCC_NO_COMMON_BLOCKS = YES;
				GCC_WARN_64_TO_32_BIT_CONVERSION = YES;
				GCC_WARN_ABOUT_RETURN_TYPE = YES_ERROR;
				GCC_WARN_UNDECLARED_SELECTOR = YES;
				GCC_WARN_UNINITIALIZED_AUTOS = YES_AGGRESSIVE;
				GCC_WARN_UNUSED_FUNCTION = YES;
				GCC_WARN_UNUSED_VARIABLE = YES;
				IPHONEOS_DEPLOYMENT_TARGET = 17.0;
				LOCALIZATION_PREFERS_STRING_CATALOGS = YES;
				MTL_ENABLE_DEBUG_INFO = NO;
				MTL_FAST_MATH = YES;
				SDKROOT = iphoneos;
				SWIFT_COMPILATION_MODE = wholemodule;
				VALIDATE_PRODUCT = YES;
			};
			name = Release;
		};
		13EC9B232B1DE79B00448BE1 /* Debug */ = {
			isa = XCBuildConfiguration;
			buildSettings = {
				ASSETCATALOG_COMPILER_APPICON_NAME = AppIcon;
				ASSETCATALOG_COMPILER_GLOBAL_ACCENT_COLOR_NAME = AccentColor;
				CODE_SIGN_STYLE = Automatic;
				CURRENT_PROJECT_VERSION = 1;
				DEVELOPMENT_ASSET_PATHS = "\"DiceRoller/Preview Content\"";
				ENABLE_PREVIEWS = YES;
				GENERATE_INFOPLIST_FILE = YES;
				INFOPLIST_KEY_UIApplicationSceneManifest_Generation = YES;
				INFOPLIST_KEY_UIApplicationSupportsIndirectInputEvents = YES;
				INFOPLIST_KEY_UILaunchScreen_Generation = YES;
				INFOPLIST_KEY_UISupportedInterfaceOrientations_iPad = "UIInterfaceOrientationPortrait UIInterfaceOrientationPortraitUpsideDown UIInterfaceOrientationLandscapeLeft UIInterfaceOrientationLandscapeRight";
				INFOPLIST_KEY_UISupportedInterfaceOrientations_iPhone = "UIInterfaceOrientationPortrait UIInterfaceOrientationLandscapeLeft UIInterfaceOrientationLandscapeRight";
				LD_RUNPATH_SEARCH_PATHS = (
					"$(inherited)",
					"@executable_path/Frameworks",
				);
				MARKETING_VERSION = 1.0;
				PRODUCT_BUNDLE_IDENTIFIER = com.ferenc.ios.DiceRoller;
				PRODUCT_NAME = "$(TARGET_NAME)";
				SWIFT_EMIT_LOC_STRINGS = YES;
				SWIFT_VERSION = 5.0;
				TARGETED_DEVICE_FAMILY = "1,2";
			};
			name = Debug;
		};
		13EC9B242B1DE79B00448BE1 /* Release */ = {
			isa = XCBuildConfiguration;
			buildSettings = {
				ASSETCATALOG_COMPILER_APPICON_NAME = AppIcon;
				ASSETCATALOG_COMPILER_GLOBAL_ACCENT_COLOR_NAME = AccentColor;
				CODE_SIGN_STYLE = Automatic;
				CURRENT_PROJECT_VERSION = 1;
				DEVELOPMENT_ASSET_PATHS = "\"DiceRoller/Preview Content\"";
				ENABLE_PREVIEWS = YES;
				GENERATE_INFOPLIST_FILE = YES;
				INFOPLIST_KEY_UIApplicationSceneManifest_Generation = YES;
				INFOPLIST_KEY_UIApplicationSupportsIndirectInputEvents = YES;
				INFOPLIST_KEY_UILaunchScreen_Generation = YES;
				INFOPLIST_KEY_UISupportedInterfaceOrientations_iPad = "UIInterfaceOrientationPortrait UIInterfaceOrientationPortraitUpsideDown UIInterfaceOrientationLandscapeLeft UIInterfaceOrientationLandscapeRight";
				INFOPLIST_KEY_UISupportedInterfaceOrientations_iPhone = "UIInterfaceOrientationPortrait UIInterfaceOrientationLandscapeLeft UIInterfaceOrientationLandscapeRight";
				LD_RUNPATH_SEARCH_PATHS = (
					"$(inherited)",
					"@executable_path/Frameworks",
				);
				MARKETING_VERSION = 1.0;
				PRODUCT_BUNDLE_IDENTIFIER = com.ferenc.ios.DiceRoller;
				PRODUCT_NAME = "$(TARGET_NAME)";
				SWIFT_EMIT_LOC_STRINGS = YES;
				SWIFT_VERSION = 5.0;
				TARGETED_DEVICE_FAMILY = "1,2";
			};
			name = Release;
		};
		13EC9B262B1DE79B00448BE1 /* Debug */ = {
			isa = XCBuildConfiguration;
			buildSettings = {
				ALWAYS_EMBED_SWIFT_STANDARD_LIBRARIES = YES;
				BUNDLE_LOADER = "$(TEST_HOST)";
				CODE_SIGN_STYLE = Automatic;
				CURRENT_PROJECT_VERSION = 1;
				GENERATE_INFOPLIST_FILE = YES;
				IPHONEOS_DEPLOYMENT_TARGET = 17.0;
				MARKETING_VERSION = 1.0;
				PRODUCT_BUNDLE_IDENTIFIER = com.ferenc.ios.DiceRollerTests;
				PRODUCT_NAME = "$(TARGET_NAME)";
				SWIFT_EMIT_LOC_STRINGS = NO;
				SWIFT_VERSION = 5.0;
				TARGETED_DEVICE_FAMILY = "1,2";
				TEST_HOST = "$(BUILT_PRODUCTS_DIR)/DiceRoller.app/$(BUNDLE_EXECUTABLE_FOLDER_PATH)/DiceRoller";
			};
			name = Debug;
		};
		13EC9B272B1DE79B00448BE1 /* Release */ = {
			isa = XCBuildConfiguration;
			buildSettings = {
				ALWAYS_EMBED_SWIFT_STANDARD_LIBRARIES = YES;
				BUNDLE_LOADER = "$(TEST_HOST)";
				CODE_SIGN_STYLE = Automatic;
				CURRENT_PROJECT_VERSION = 1;
				GENERATE_INFOPLIST_FILE = YES;
				IPHONEOS_DEPLOYMENT_TARGET = 17.0;
				MARKETING_VERSION = 1.0;
				PRODUCT_BUNDLE_IDENTIFIER = com.ferenc.ios.DiceRollerTests;
				PRODUCT_NAME = "$(TARGET_NAME)";
				SWIFT_EMIT_LOC_STRINGS = NO;
				SWIFT_VERSION = 5.0;
				TARGETED_DEVICE_FAMILY = "1,2";
				TEST_HOST = "$(BUILT_PRODUCTS_DIR)/DiceRoller.app/$(BUNDLE_EXECUTABLE_FOLDER_PATH)/DiceRoller";
			};
			name = Release;
		};
		13EC9B292B1DE79B00448BE1 /* Debug */ = {
			isa = XCBuildConfiguration;
			buildSettings = {
				ALWAYS_EMBED_SWIFT_STANDARD_LIBRARIES = YES;
				CODE_SIGN_STYLE = Automatic;
				CURRENT_PROJECT_VERSION = 1;
				GENERATE_INFOPLIST_FILE = YES;
				MARKETING_VERSION = 1.0;
				PRODUCT_BUNDLE_IDENTIFIER = com.ferenc.ios.DiceRollerUITests;
				PRODUCT_NAME = "$(TARGET_NAME)";
				SWIFT_EMIT_LOC_STRINGS = NO;
				SWIFT_VERSION = 5.0;
				TARGETED_DEVICE_FAMILY = "1,2";
				TEST_TARGET_NAME = DiceRoller;
			};
			name = Debug;
		};
		13EC9B2A2B1DE79B00448BE1 /* Release */ = {
			isa = XCBuildConfiguration;
			buildSettings = {
				ALWAYS_EMBED_SWIFT_STANDARD_LIBRARIES = YES;
				CODE_SIGN_STYLE = Automatic;
				CURRENT_PROJECT_VERSION = 1;
				GENERATE_INFOPLIST_FILE = YES;
				MARKETING_VERSION = 1.0;
				PRODUCT_BUNDLE_IDENTIFIER = com.ferenc.ios.DiceRollerUITests;
				PRODUCT_NAME = "$(TARGET_NAME)";
				SWIFT_EMIT_LOC_STRINGS = NO;
				SWIFT_VERSION = 5.0;
				TARGETED_DEVICE_FAMILY = "1,2";
				TEST_TARGET_NAME = DiceRoller;
			};
			name = Release;
		};
/* End XCBuildConfiguration section */

/* Begin XCConfigurationList section */
		13EC9AF92B1DE79A00448BE1 /* Build configuration list for PBXProject "DiceRoller" */ = {
			isa = XCConfigurationList;
			buildConfigurations = (
				13EC9B202B1DE79B00448BE1 /* Debug */,
				13EC9B212B1DE79B00448BE1 /* Release */,
			);
			defaultConfigurationIsVisible = 0;
			defaultConfigurationName = Release;
		};
		13EC9B222B1DE79B00448BE1 /* Build configuration list for PBXNativeTarget "DiceRoller" */ = {
			isa = XCConfigurationList;
			buildConfigurations = (
				13EC9B232B1DE79B00448BE1 /* Debug */,
				13EC9B242B1DE79B00448BE1 /* Release */,
			);
			defaultConfigurationIsVisible = 0;
			defaultConfigurationName = Release;
		};
		13EC9B252B1DE79B00448BE1 /* Build configuration list for PBXNativeTarget "DiceRollerTests" */ = {
			isa = XCConfigurationList;
			buildConfigurations = (
				13EC9B262B1DE79B00448BE1 /* Debug */,
				13EC9B272B1DE79B00448BE1 /* Release */,
			);
			defaultConfigurationIsVisible = 0;
			defaultConfigurationName = Release;
		};
		13EC9B282B1DE79B00448BE1 /* Build configuration list for PBXNativeTarget "DiceRollerUITests" */ = {
			isa = XCConfigurationList;
			buildConfigurations = (
				13EC9B292B1DE79B00448BE1 /* Debug */,
				13EC9B2A2B1DE79B00448BE1 /* Release */,
			);
			defaultConfigurationIsVisible = 0;
			defaultConfigurationName = Release;
		};
/* End XCConfigurationList section */
	};
	rootObject = 13EC9AF62B1DE79A00448BE1 /* Project object */;
}
