// !$*UTF8*$!
{
	archiveVersion = 1;
	classes = {
	};
	objectVersion = 56;
	objects = {

/* Begin PBXBuildFile section */
		136A64A82B1899FC000A6D35 /* MyselfInSixWordsApp.swift in Sources */ = {isa = PBXBuildFile; fileRef = 136A64A72B1899FC000A6D35 /* MyselfInSixWordsApp.swift */; };
		136A64AA2B1899FC000A6D35 /* ContentView.swift in Sources */ = {isa = PBXBuildFile; fileRef = 136A64A92B1899FC000A6D35 /* ContentView.swift */; };
		136A64AC2B1899FD000A6D35 /* Assets.xcassets in Resources */ = {isa = PBXBuildFile; fileRef = 136A64AB2B1899FD000A6D35 /* Assets.xcassets */; };
		136A64AF2B1899FD000A6D35 /* Preview Assets.xcassets in Resources */ = {isa = PBXBuildFile; fileRef = 136A64AE2B1899FD000A6D35 /* Preview Assets.xcassets */; };
		136A64B92B1899FD000A6D35 /* MyselfInSixWordsTests.swift in Sources */ = {isa = PBXBuildFile; fileRef = 136A64B82B1899FD000A6D35 /* MyselfInSixWordsTests.swift */; };
		136A64C32B1899FD000A6D35 /* MyselfInSixWordsUITests.swift in Sources */ = {isa = PBXBuildFile; fileRef = 136A64C22B1899FD000A6D35 /* MyselfInSixWordsUITests.swift */; };
		136A64C52B1899FD000A6D35 /* MyselfInSixWordsUITestsLaunchTests.swift in Sources */ = {isa = PBXBuildFile; fileRef = 136A64C42B1899FD000A6D35 /* MyselfInSixWordsUITestsLaunchTests.swift */; };
/* End PBXBuildFile section */

/* Begin PBXContainerItemProxy section */
		136A64B52B1899FD000A6D35 /* PBXContainerItemProxy */ = {
			isa = PBXContainerItemProxy;
			containerPortal = 136A649C2B1899FC000A6D35 /* Project object */;
			proxyType = 1;
			remoteGlobalIDString = 136A64A32B1899FC000A6D35;
			remoteInfo = MyselfInSixWords;
		};
		136A64BF2B1899FD000A6D35 /* PBXContainerItemProxy */ = {
			isa = PBXContainerItemProxy;
			containerPortal = 136A649C2B1899FC000A6D35 /* Project object */;
			proxyType = 1;
			remoteGlobalIDString = 136A64A32B1899FC000A6D35;
			remoteInfo = MyselfInSixWords;
		};
/* End PBXContainerItemProxy section */

/* Begin PBXFileReference section */
		136A64A42B1899FC000A6D35 /* MyselfInSixWords.app */ = {isa = PBXFileReference; explicitFileType = wrapper.application; includeInIndex = 0; path = MyselfInSixWords.app; sourceTree = BUILT_PRODUCTS_DIR; };
		136A64A72B1899FC000A6D35 /* MyselfInSixWordsApp.swift */ = {isa = PBXFileReference; lastKnownFileType = sourcecode.swift; path = MyselfInSixWordsApp.swift; sourceTree = "<group>"; };
		136A64A92B1899FC000A6D35 /* ContentView.swift */ = {isa = PBXFileReference; lastKnownFileType = sourcecode.swift; path = ContentView.swift; sourceTree = "<group>"; };
		136A64AB2B1899FD000A6D35 /* Assets.xcassets */ = {isa = PBXFileReference; lastKnownFileType = folder.assetcatalog; path = Assets.xcassets; sourceTree = "<group>"; };
		136A64AE2B1899FD000A6D35 /* Preview Assets.xcassets */ = {isa = PBXFileReference; lastKnownFileType = folder.assetcatalog; path = "Preview Assets.xcassets"; sourceTree = "<group>"; };
		136A64B42B1899FD000A6D35 /* MyselfInSixWordsTests.xctest */ = {isa = PBXFileReference; explicitFileType = wrapper.cfbundle; includeInIndex = 0; path = MyselfInSixWordsTests.xctest; sourceTree = BUILT_PRODUCTS_DIR; };
		136A64B82B1899FD000A6D35 /* MyselfInSixWordsTests.swift */ = {isa = PBXFileReference; lastKnownFileType = sourcecode.swift; path = MyselfInSixWordsTests.swift; sourceTree = "<group>"; };
		136A64BE2B1899FD000A6D35 /* MyselfInSixWordsUITests.xctest */ = {isa = PBXFileReference; explicitFileType = wrapper.cfbundle; includeInIndex = 0; path = MyselfInSixWordsUITests.xctest; sourceTree = BUILT_PRODUCTS_DIR; };
		136A64C22B1899FD000A6D35 /* MyselfInSixWordsUITests.swift */ = {isa = PBXFileReference; lastKnownFileType = sourcecode.swift; path = MyselfInSixWordsUITests.swift; sourceTree = "<group>"; };
		136A64C42B1899FD000A6D35 /* MyselfInSixWordsUITestsLaunchTests.swift */ = {isa = PBXFileReference; lastKnownFileType = sourcecode.swift; path = MyselfInSixWordsUITestsLaunchTests.swift; sourceTree = "<group>"; };
/* End PBXFileReference section */

/* Begin PBXFrameworksBuildPhase section */
		136A64A12B1899FC000A6D35 /* Frameworks */ = {
			isa = PBXFrameworksBuildPhase;
			buildActionMask = 2147483647;
			files = (
			);
			runOnlyForDeploymentPostprocessing = 0;
		};
		136A64B12B1899FD000A6D35 /* Frameworks */ = {
			isa = PBXFrameworksBuildPhase;
			buildActionMask = 2147483647;
			files = (
			);
			runOnlyForDeploymentPostprocessing = 0;
		};
		136A64BB2B1899FD000A6D35 /* Frameworks */ = {
			isa = PBXFrameworksBuildPhase;
			buildActionMask = 2147483647;
			files = (
			);
			runOnlyForDeploymentPostprocessing = 0;
		};
/* End PBXFrameworksBuildPhase section */

/* Begin PBXGroup section */
		136A649B2B1899FC000A6D35 = {
			isa = PBXGroup;
			children = (
				136A64A62B1899FC000A6D35 /* MyselfInSixWords */,
				136A64B72B1899FD000A6D35 /* MyselfInSixWordsTests */,
				136A64C12B1899FD000A6D35 /* MyselfInSixWordsUITests */,
				136A64A52B1899FC000A6D35 /* Products */,
			);
			sourceTree = "<group>";
		};
		136A64A52B1899FC000A6D35 /* Products */ = {
			isa = PBXGroup;
			children = (
				136A64A42B1899FC000A6D35 /* MyselfInSixWords.app */,
				136A64B42B1899FD000A6D35 /* MyselfInSixWordsTests.xctest */,
				136A64BE2B1899FD000A6D35 /* MyselfInSixWordsUITests.xctest */,
			);
			name = Products;
			sourceTree = "<group>";
		};
		136A64A62B1899FC000A6D35 /* MyselfInSixWords */ = {
			isa = PBXGroup;
			children = (
				136A64A72B1899FC000A6D35 /* MyselfInSixWordsApp.swift */,
				136A64A92B1899FC000A6D35 /* ContentView.swift */,
				136A64AB2B1899FD000A6D35 /* Assets.xcassets */,
				136A64AD2B1899FD000A6D35 /* Preview Content */,
			);
			path = MyselfInSixWords;
			sourceTree = "<group>";
		};
		136A64AD2B1899FD000A6D35 /* Preview Content */ = {
			isa = PBXGroup;
			children = (
				136A64AE2B1899FD000A6D35 /* Preview Assets.xcassets */,
			);
			path = "Preview Content";
			sourceTree = "<group>";
		};
		136A64B72B1899FD000A6D35 /* MyselfInSixWordsTests */ = {
			isa = PBXGroup;
			children = (
				136A64B82B1899FD000A6D35 /* MyselfInSixWordsTests.swift */,
			);
			path = MyselfInSixWordsTests;
			sourceTree = "<group>";
		};
		136A64C12B1899FD000A6D35 /* MyselfInSixWordsUITests */ = {
			isa = PBXGroup;
			children = (
				136A64C22B1899FD000A6D35 /* MyselfInSixWordsUITests.swift */,
				136A64C42B1899FD000A6D35 /* MyselfInSixWordsUITestsLaunchTests.swift */,
			);
			path = MyselfInSixWordsUITests;
			sourceTree = "<group>";
		};
/* End PBXGroup section */

/* Begin PBXNativeTarget section */
		136A64A32B1899FC000A6D35 /* MyselfInSixWords */ = {
			isa = PBXNativeTarget;
			buildConfigurationList = 136A64C82B1899FD000A6D35 /* Build configuration list for PBXNativeTarget "MyselfInSixWords" */;
			buildPhases = (
				136A64A02B1899FC000A6D35 /* Sources */,
				136A64A12B1899FC000A6D35 /* Frameworks */,
				136A64A22B1899FC000A6D35 /* Resources */,
			);
			buildRules = (
			);
			dependencies = (
			);
			name = MyselfInSixWords;
			productName = MyselfInSixWords;
			productReference = 136A64A42B1899FC000A6D35 /* MyselfInSixWords.app */;
			productType = "com.apple.product-type.application";
		};
		136A64B32B1899FD000A6D35 /* MyselfInSixWordsTests */ = {
			isa = PBXNativeTarget;
			buildConfigurationList = 136A64CB2B1899FD000A6D35 /* Build configuration list for PBXNativeTarget "MyselfInSixWordsTests" */;
			buildPhases = (
				136A64B02B1899FD000A6D35 /* Sources */,
				136A64B12B1899FD000A6D35 /* Frameworks */,
				136A64B22B1899FD000A6D35 /* Resources */,
			);
			buildRules = (
			);
			dependencies = (
				136A64B62B1899FD000A6D35 /* PBXTargetDependency */,
			);
			name = MyselfInSixWordsTests;
			productName = MyselfInSixWordsTests;
			productReference = 136A64B42B1899FD000A6D35 /* MyselfInSixWordsTests.xctest */;
			productType = "com.apple.product-type.bundle.unit-test";
		};
		136A64BD2B1899FD000A6D35 /* MyselfInSixWordsUITests */ = {
			isa = PBXNativeTarget;
			buildConfigurationList = 136A64CE2B1899FD000A6D35 /* Build configuration list for PBXNativeTarget "MyselfInSixWordsUITests" */;
			buildPhases = (
				136A64BA2B1899FD000A6D35 /* Sources */,
				136A64BB2B1899FD000A6D35 /* Frameworks */,
				136A64BC2B1899FD000A6D35 /* Resources */,
			);
			buildRules = (
			);
			dependencies = (
				136A64C02B1899FD000A6D35 /* PBXTargetDependency */,
			);
			name = MyselfInSixWordsUITests;
			productName = MyselfInSixWordsUITests;
			productReference = 136A64BE2B1899FD000A6D35 /* MyselfInSixWordsUITests.xctest */;
			productType = "com.apple.product-type.bundle.ui-testing";
		};
/* End PBXNativeTarget section */

/* Begin PBXProject section */
		136A649C2B1899FC000A6D35 /* Project object */ = {
			isa = PBXProject;
			attributes = {
				BuildIndependentTargetsInParallel = 1;
				LastSwiftUpdateCheck = 1500;
				LastUpgradeCheck = 1500;
				TargetAttributes = {
					136A64A32B1899FC000A6D35 = {
						CreatedOnToolsVersion = 15.0.1;
					};
					136A64B32B1899FD000A6D35 = {
						CreatedOnToolsVersion = 15.0.1;
						TestTargetID = 136A64A32B1899FC000A6D35;
					};
					136A64BD2B1899FD000A6D35 = {
						CreatedOnToolsVersion = 15.0.1;
						TestTargetID = 136A64A32B1899FC000A6D35;
					};
				};
			};
			buildConfigurationList = 136A649F2B1899FC000A6D35 /* Build configuration list for PBXProject "MyselfInSixWords" */;
			compatibilityVersion = "Xcode 14.0";
			developmentRegion = en;
			hasScannedForEncodings = 0;
			knownRegions = (
				en,
				Base,
			);
			mainGroup = 136A649B2B1899FC000A6D35;
			productRefGroup = 136A64A52B1899FC000A6D35 /* Products */;
			projectDirPath = "";
			projectRoot = "";
			targets = (
				136A64A32B1899FC000A6D35 /* MyselfInSixWords */,
				136A64B32B1899FD000A6D35 /* MyselfInSixWordsTests */,
				136A64BD2B1899FD000A6D35 /* MyselfInSixWordsUITests */,
			);
		};
/* End PBXProject section */

/* Begin PBXResourcesBuildPhase section */
		136A64A22B1899FC000A6D35 /* Resources */ = {
			isa = PBXResourcesBuildPhase;
			buildActionMask = 2147483647;
			files = (
				136A64AF2B1899FD000A6D35 /* Preview Assets.xcassets in Resources */,
				136A64AC2B1899FD000A6D35 /* Assets.xcassets in Resources */,
			);
			runOnlyForDeploymentPostprocessing = 0;
		};
		136A64B22B1899FD000A6D35 /* Resources */ = {
			isa = PBXResourcesBuildPhase;
			buildActionMask = 2147483647;
			files = (
			);
			runOnlyForDeploymentPostprocessing = 0;
		};
		136A64BC2B1899FD000A6D35 /* Resources */ = {
			isa = PBXResourcesBuildPhase;
			buildActionMask = 2147483647;
			files = (
			);
			runOnlyForDeploymentPostprocessing = 0;
		};
/* End PBXResourcesBuildPhase section */

/* Begin PBXSourcesBuildPhase section */
		136A64A02B1899FC000A6D35 /* Sources */ = {
			isa = PBXSourcesBuildPhase;
			buildActionMask = 2147483647;
			files = (
				136A64AA2B1899FC000A6D35 /* ContentView.swift in Sources */,
				136A64A82B1899FC000A6D35 /* MyselfInSixWordsApp.swift in Sources */,
			);
			runOnlyForDeploymentPostprocessing = 0;
		};
		136A64B02B1899FD000A6D35 /* Sources */ = {
			isa = PBXSourcesBuildPhase;
			buildActionMask = 2147483647;
			files = (
				136A64B92B1899FD000A6D35 /* MyselfInSixWordsTests.swift in Sources */,
			);
			runOnlyForDeploymentPostprocessing = 0;
		};
		136A64BA2B1899FD000A6D35 /* Sources */ = {
			isa = PBXSourcesBuildPhase;
			buildActionMask = 2147483647;
			files = (
				136A64C52B1899FD000A6D35 /* MyselfInSixWordsUITestsLaunchTests.swift in Sources */,
				136A64C32B1899FD000A6D35 /* MyselfInSixWordsUITests.swift in Sources */,
			);
			runOnlyForDeploymentPostprocessing = 0;
		};
/* End PBXSourcesBuildPhase section */

/* Begin PBXTargetDependency section */
		136A64B62B1899FD000A6D35 /* PBXTargetDependency */ = {
			isa = PBXTargetDependency;
			target = 136A64A32B1899FC000A6D35 /* MyselfInSixWords */;
			targetProxy = 136A64B52B1899FD000A6D35 /* PBXContainerItemProxy */;
		};
		136A64C02B1899FD000A6D35 /* PBXTargetDependency */ = {
			isa = PBXTargetDependency;
			target = 136A64A32B1899FC000A6D35 /* MyselfInSixWords */;
			targetProxy = 136A64BF2B1899FD000A6D35 /* PBXContainerItemProxy */;
		};
/* End PBXTargetDependency section */

/* Begin XCBuildConfiguration section */
		136A64C62B1899FD000A6D35 /* Debug */ = {
			isa = XCBuildConfiguration;
			buildSettings = {
				ALWAYS_SEARCH_USER_PATHS = NO;
				ASSETCATALOG_COMPILER_GENERATE_SWIFT_ASSET_SYMBOL_EXTENSIONS = YES;
				CLANG_ANALYZER_NONNULL = YES;
				CLANG_ANALYZER_NUMBER_OBJECT_CONVERSION = YES_AGGRESSIVE;
				CLANG_CXX_LANGUAGE_STANDARD = "gnu++20";
				CLANG_ENABLE_MODULES = YES;
				CLANG_ENABLE_OBJC_ARC = YES;
				CLANG_ENABLE_OBJC_WEAK = YES;
				CLANG_WARN_BLOCK_CAPTURE_AUTORELEASING = YES;
				CLANG_WARN_BOOL_CONVERSION = YES;
				CLANG_WARN_COMMA = YES;
				CLANG_WARN_CONSTANT_CONVERSION = YES;
				CLANG_WARN_DEPRECATED_OBJC_IMPLEMENTATIONS = YES;
				CLANG_WARN_DIRECT_OBJC_ISA_USAGE = YES_ERROR;
				CLANG_WARN_DOCUMENTATION_COMMENTS = YES;
				CLANG_WARN_EMPTY_BODY = YES;
				CLANG_WARN_ENUM_CONVERSION = YES;
				CLANG_WARN_INFINITE_RECURSION = YES;
				CLANG_WARN_INT_CONVERSION = YES;
				CLANG_WARN_NON_LITERAL_NULL_CONVERSION = YES;
				CLANG_WARN_OBJC_IMPLICIT_RETAIN_SELF = YES;
				CLANG_WARN_OBJC_LITERAL_CONVERSION = YES;
				CLANG_WARN_OBJC_ROOT_CLASS = YES_ERROR;
				CLANG_WARN_QUOTED_INCLUDE_IN_FRAMEWORK_HEADER = YES;
				CLANG_WARN_RANGE_LOOP_ANALYSIS = YES;
				CLANG_WARN_STRICT_PROTOTYPES = YES;
				CLANG_WARN_SUSPICIOUS_MOVE = YES;
				CLANG_WARN_UNGUARDED_AVAILABILITY = YES_AGGRESSIVE;
				CLANG_WARN_UNREACHABLE_CODE = YES;
				CLANG_WARN__DUPLICATE_METHOD_MATCH = YES;
				COPY_PHASE_STRIP = NO;
				DEBUG_INFORMATION_FORMAT = dwarf;
				ENABLE_STRICT_OBJC_MSGSEND = YES;
				ENABLE_TESTABILITY = YES;
				ENABLE_USER_SCRIPT_SANDBOXING = YES;
				GCC_C_LANGUAGE_STANDARD = gnu17;
				GCC_DYNAMIC_NO_PIC = NO;
				GCC_NO_COMMON_BLOCKS = YES;
				GCC_OPTIMIZATION_LEVEL = 0;
				GCC_PREPROCESSOR_DEFINITIONS = (
					"DEBUG=1",
					"$(inherited)",
				);
				GCC_WARN_64_TO_32_BIT_CONVERSION = YES;
				GCC_WARN_ABOUT_RETURN_TYPE = YES_ERROR;
				GCC_WARN_UNDECLARED_SELECTOR = YES;
				GCC_WARN_UNINITIALIZED_AUTOS = YES_AGGRESSIVE;
				GCC_WARN_UNUSED_FUNCTION = YES;
				GCC_WARN_UNUSED_VARIABLE = YES;
				IPHONEOS_DEPLOYMENT_TARGET = 17.0;
				LOCALIZATION_PREFERS_STRING_CATALOGS = YES;
				MTL_ENABLE_DEBUG_INFO = INCLUDE_SOURCE;
				MTL_FAST_MATH = YES;
				ONLY_ACTIVE_ARCH = YES;
				SDKROOT = iphoneos;
				SWIFT_ACTIVE_COMPILATION_CONDITIONS = "DEBUG $(inherited)";
				SWIFT_OPTIMIZATION_LEVEL = "-Onone";
			};
			name = Debug;
		};
		136A64C72B1899FD000A6D35 /* Release */ = {
			isa = XCBuildConfiguration;
			buildSettings = {
				ALWAYS_SEARCH_USER_PATHS = NO;
				ASSETCATALOG_COMPILER_GENERATE_SWIFT_ASSET_SYMBOL_EXTENSIONS = YES;
				CLANG_ANALYZER_NONNULL = YES;
				CLANG_ANALYZER_NUMBER_OBJECT_CONVERSION = YES_AGGRESSIVE;
				CLANG_CXX_LANGUAGE_STANDARD = "gnu++20";
				CLANG_ENABLE_MODULES = YES;
				CLANG_ENABLE_OBJC_ARC = YES;
				CLANG_ENABLE_OBJC_WEAK = YES;
				CLANG_WARN_BLOCK_CAPTURE_AUTORELEASING = YES;
				CLANG_WARN_BOOL_CONVERSION = YES;
				CLANG_WARN_COMMA = YES;
				CLANG_WARN_CONSTANT_CONVERSION = YES;
				CLANG_WARN_DEPRECATED_OBJC_IMPLEMENTATIONS = YES;
				CLANG_WARN_DIRECT_OBJC_ISA_USAGE = YES_ERROR;
				CLANG_WARN_DOCUMENTATION_COMMENTS = YES;
				CLANG_WARN_EMPTY_BODY = YES;
				CLANG_WARN_ENUM_CONVERSION = YES;
				CLANG_WARN_INFINITE_RECURSION = YES;
				CLANG_WARN_INT_CONVERSION = YES;
				CLANG_WARN_NON_LITERAL_NULL_CONVERSION = YES;
				CLANG_WARN_OBJC_IMPLICIT_RETAIN_SELF = YES;
				CLANG_WARN_OBJC_LITERAL_CONVERSION = YES;
				CLANG_WARN_OBJC_ROOT_CLASS = YES_ERROR;
				CLANG_WARN_QUOTED_INCLUDE_IN_FRAMEWORK_HEADER = YES;
				CLANG_WARN_RANGE_LOOP_ANALYSIS = YES;
				CLANG_WARN_STRICT_PROTOTYPES = YES;
				CLANG_WARN_SUSPICIOUS_MOVE = YES;
				CLANG_WARN_UNGUARDED_AVAILABILITY = YES_AGGRESSIVE;
				CLANG_WARN_UNREACHABLE_CODE = YES;
				CLANG_WARN__DUPLICATE_METHOD_MATCH = YES;
				COPY_PHASE_STRIP = NO;
				DEBUG_INFORMATION_FORMAT = "dwarf-with-dsym";
				ENABLE_NS_ASSERTIONS = NO;
				ENABLE_STRICT_OBJC_MSGSEND = YES;
				ENABLE_USER_SCRIPT_SANDBOXING = YES;
				GCC_C_LANGUAGE_STANDARD = gnu17;
				GCC_NO_COMMON_BLOCKS = YES;
				GCC_WARN_64_TO_32_BIT_CONVERSION = YES;
				GCC_WARN_ABOUT_RETURN_TYPE = YES_ERROR;
				GCC_WARN_UNDECLARED_SELECTOR = YES;
				GCC_WARN_UNINITIALIZED_AUTOS = YES_AGGRESSIVE;
				GCC_WARN_UNUSED_FUNCTION = YES;
				GCC_WARN_UNUSED_VARIABLE = YES;
				IPHONEOS_DEPLOYMENT_TARGET = 17.0;
				LOCALIZATION_PREFERS_STRING_CATALOGS = YES;
				MTL_ENABLE_DEBUG_INFO = NO;
				MTL_FAST_MATH = YES;
				SDKROOT = iphoneos;
				SWIFT_COMPILATION_MODE = wholemodule;
				VALIDATE_PRODUCT = YES;
			};
			name = Release;
		};
		136A64C92B1899FD000A6D35 /* Debug */ = {
			isa = XCBuildConfiguration;
			buildSettings = {
				ASSETCATALOG_COMPILER_APPICON_NAME = AppIcon;
				ASSETCATALOG_COMPILER_GLOBAL_ACCENT_COLOR_NAME = AccentColor;
				CODE_SIGN_STYLE = Automatic;
				CURRENT_PROJECT_VERSION = 1;
				DEVELOPMENT_ASSET_PATHS = "\"MyselfInSixWords/Preview Content\"";
				ENABLE_PREVIEWS = YES;
				GENERATE_INFOPLIST_FILE = YES;
				INFOPLIST_KEY_UIApplicationSceneManifest_Generation = YES;
				INFOPLIST_KEY_UIApplicationSupportsIndirectInputEvents = YES;
				INFOPLIST_KEY_UILaunchScreen_Generation = YES;
				INFOPLIST_KEY_UISupportedInterfaceOrientations_iPad = "UIInterfaceOrientationPortrait UIInterfaceOrientationPortraitUpsideDown UIInterfaceOrientationLandscapeLeft UIInterfaceOrientationLandscapeRight";
				INFOPLIST_KEY_UISupportedInterfaceOrientations_iPhone = "UIInterfaceOrientationPortrait UIInterfaceOrientationLandscapeLeft UIInterfaceOrientationLandscapeRight";
				LD_RUNPATH_SEARCH_PATHS = (
					"$(inherited)",
					"@executable_path/Frameworks",
				);
				MARKETING_VERSION = 1.0;
				PRODUCT_BUNDLE_IDENTIFIER = com.ferenc.ios.MyselfInSixWords;
				PRODUCT_NAME = "$(TARGET_NAME)";
				SWIFT_EMIT_LOC_STRINGS = YES;
				SWIFT_VERSION = 5.0;
				TARGETED_DEVICE_FAMILY = "1,2";
			};
			name = Debug;
		};
		136A64CA2B1899FD000A6D35 /* Release */ = {
			isa = XCBuildConfiguration;
			buildSettings = {
				ASSETCATALOG_COMPILER_APPICON_NAME = AppIcon;
				ASSETCATALOG_COMPILER_GLOBAL_ACCENT_COLOR_NAME = AccentColor;
				CODE_SIGN_STYLE = Automatic;
				CURRENT_PROJECT_VERSION = 1;
				DEVELOPMENT_ASSET_PATHS = "\"MyselfInSixWords/Preview Content\"";
				ENABLE_PREVIEWS = YES;
				GENERATE_INFOPLIST_FILE = YES;
				INFOPLIST_KEY_UIApplicationSceneManifest_Generation = YES;
				INFOPLIST_KEY_UIApplicationSupportsIndirectInputEvents = YES;
				INFOPLIST_KEY_UILaunchScreen_Generation = YES;
				INFOPLIST_KEY_UISupportedInterfaceOrientations_iPad = "UIInterfaceOrientationPortrait UIInterfaceOrientationPortraitUpsideDown UIInterfaceOrientationLandscapeLeft UIInterfaceOrientationLandscapeRight";
				INFOPLIST_KEY_UISupportedInterfaceOrientations_iPhone = "UIInterfaceOrientationPortrait UIInterfaceOrientationLandscapeLeft UIInterfaceOrientationLandscapeRight";
				LD_RUNPATH_SEARCH_PATHS = (
					"$(inherited)",
					"@executable_path/Frameworks",
				);
				MARKETING_VERSION = 1.0;
				PRODUCT_BUNDLE_IDENTIFIER = com.ferenc.ios.MyselfInSixWords;
				PRODUCT_NAME = "$(TARGET_NAME)";
				SWIFT_EMIT_LOC_STRINGS = YES;
				SWIFT_VERSION = 5.0;
				TARGETED_DEVICE_FAMILY = "1,2";
			};
			name = Release;
		};
		136A64CC2B1899FD000A6D35 /* Debug */ = {
			isa = XCBuildConfiguration;
			buildSettings = {
				ALWAYS_EMBED_SWIFT_STANDARD_LIBRARIES = YES;
				BUNDLE_LOADER = "$(TEST_HOST)";
				CODE_SIGN_STYLE = Automatic;
				CURRENT_PROJECT_VERSION = 1;
				GENERATE_INFOPLIST_FILE = YES;
				IPHONEOS_DEPLOYMENT_TARGET = 17.0;
				MARKETING_VERSION = 1.0;
				PRODUCT_BUNDLE_IDENTIFIER = com.ferenc.ios.MyselfInSixWordsTests;
				PRODUCT_NAME = "$(TARGET_NAME)";
				SWIFT_EMIT_LOC_STRINGS = NO;
				SWIFT_VERSION = 5.0;
				TARGETED_DEVICE_FAMILY = "1,2";
				TEST_HOST = "$(BUILT_PRODUCTS_DIR)/MyselfInSixWords.app/$(BUNDLE_EXECUTABLE_FOLDER_PATH)/MyselfInSixWords";
			};
			name = Debug;
		};
		136A64CD2B1899FD000A6D35 /* Release */ = {
			isa = XCBuildConfiguration;
			buildSettings = {
				ALWAYS_EMBED_SWIFT_STANDARD_LIBRARIES = YES;
				BUNDLE_LOADER = "$(TEST_HOST)";
				CODE_SIGN_STYLE = Automatic;
				CURRENT_PROJECT_VERSION = 1;
				GENERATE_INFOPLIST_FILE = YES;
				IPHONEOS_DEPLOYMENT_TARGET = 17.0;
				MARKETING_VERSION = 1.0;
				PRODUCT_BUNDLE_IDENTIFIER = com.ferenc.ios.MyselfInSixWordsTests;
				PRODUCT_NAME = "$(TARGET_NAME)";
				SWIFT_EMIT_LOC_STRINGS = NO;
				SWIFT_VERSION = 5.0;
				TARGETED_DEVICE_FAMILY = "1,2";
				TEST_HOST = "$(BUILT_PRODUCTS_DIR)/MyselfInSixWords.app/$(BUNDLE_EXECUTABLE_FOLDER_PATH)/MyselfInSixWords";
			};
			name = Release;
		};
		136A64CF2B1899FD000A6D35 /* Debug */ = {
			isa = XCBuildConfiguration;
			buildSettings = {
				ALWAYS_EMBED_SWIFT_STANDARD_LIBRARIES = YES;
				CODE_SIGN_STYLE = Automatic;
				CURRENT_PROJECT_VERSION = 1;
				GENERATE_INFOPLIST_FILE = YES;
				MARKETING_VERSION = 1.0;
				PRODUCT_BUNDLE_IDENTIFIER = com.ferenc.ios.MyselfInSixWordsUITests;
				PRODUCT_NAME = "$(TARGET_NAME)";
				SWIFT_EMIT_LOC_STRINGS = NO;
				SWIFT_VERSION = 5.0;
				TARGETED_DEVICE_FAMILY = "1,2";
				TEST_TARGET_NAME = MyselfInSixWords;
			};
			name = Debug;
		};
		136A64D02B1899FD000A6D35 /* Release */ = {
			isa = XCBuildConfiguration;
			buildSettings = {
				ALWAYS_EMBED_SWIFT_STANDARD_LIBRARIES = YES;
				CODE_SIGN_STYLE = Automatic;
				CURRENT_PROJECT_VERSION = 1;
				GENERATE_INFOPLIST_FILE = YES;
				MARKETING_VERSION = 1.0;
				PRODUCT_BUNDLE_IDENTIFIER = com.ferenc.ios.MyselfInSixWordsUITests;
				PRODUCT_NAME = "$(TARGET_NAME)";
				SWIFT_EMIT_LOC_STRINGS = NO;
				SWIFT_VERSION = 5.0;
				TARGETED_DEVICE_FAMILY = "1,2";
				TEST_TARGET_NAME = MyselfInSixWords;
			};
			name = Release;
		};
/* End XCBuildConfiguration section */

/* Begin XCConfigurationList section */
		136A649F2B1899FC000A6D35 /* Build configuration list for PBXProject "MyselfInSixWords" */ = {
			isa = XCConfigurationList;
			buildConfigurations = (
				136A64C62B1899FD000A6D35 /* Debug */,
				136A64C72B1899FD000A6D35 /* Release */,
			);
			defaultConfigurationIsVisible = 0;
			defaultConfigurationName = Release;
		};
		136A64C82B1899FD000A6D35 /* Build configuration list for PBXNativeTarget "MyselfInSixWords" */ = {
			isa = XCConfigurationList;
			buildConfigurations = (
				136A64C92B1899FD000A6D35 /* Debug */,
				136A64CA2B1899FD000A6D35 /* Release */,
			);
			defaultConfigurationIsVisible = 0;
			defaultConfigurationName = Release;
		};
		136A64CB2B1899FD000A6D35 /* Build configuration list for PBXNativeTarget "MyselfInSixWordsTests" */ = {
			isa = XCConfigurationList;
			buildConfigurations = (
				136A64CC2B1899FD000A6D35 /* Debug */,
				136A64CD2B1899FD000A6D35 /* Release */,
			);
			defaultConfigurationIsVisible = 0;
			defaultConfigurationName = Release;
		};
		136A64CE2B1899FD000A6D35 /* Build configuration list for PBXNativeTarget "MyselfInSixWordsUITests" */ = {
			isa = XCConfigurationList;
			buildConfigurations = (
				136A64CF2B1899FD000A6D35 /* Debug */,
				136A64D02B1899FD000A6D35 /* Release */,
			);
			defaultConfigurationIsVisible = 0;
			defaultConfigurationName = Release;
		};
/* End XCConfigurationList section */
	};
	rootObject = 136A649C2B1899FC000A6D35 /* Project object */;
}
