// !$*UTF8*$!
{
	archiveVersion = 1;
	classes = {
	};
	objectVersion = 56;
	objects = {

/* Begin PBXBuildFile section */
		13471B5D2B207222008E34D0 /* AddressLabelApp.swift in Sources */ = {isa = PBXBuildFile; fileRef = 13471B5C2B207222008E34D0 /* AddressLabelApp.swift */; };
		13471B5F2B207222008E34D0 /* ContentView.swift in Sources */ = {isa = PBXBuildFile; fileRef = 13471B5E2B207222008E34D0 /* ContentView.swift */; };
		13471B612B207223008E34D0 /* Assets.xcassets in Resources */ = {isa = PBXBuildFile; fileRef = 13471B602B207223008E34D0 /* Assets.xcassets */; };
		13471B642B207223008E34D0 /* Preview Assets.xcassets in Resources */ = {isa = PBXBuildFile; fileRef = 13471B632B207223008E34D0 /* Preview Assets.xcassets */; };
		13471B6E2B207223008E34D0 /* AddressLabelTests.swift in Sources */ = {isa = PBXBuildFile; fileRef = 13471B6D2B207223008E34D0 /* AddressLabelTests.swift */; };
		13471B782B207223008E34D0 /* AddressLabelUITests.swift in Sources */ = {isa = PBXBuildFile; fileRef = 13471B772B207223008E34D0 /* AddressLabelUITests.swift */; };
		13471B7A2B207223008E34D0 /* AddressLabelUITestsLaunchTests.swift in Sources */ = {isa = PBXBuildFile; fileRef = 13471B792B207223008E34D0 /* AddressLabelUITestsLaunchTests.swift */; };
		13471B872B207252008E34D0 /* AddressLabelView.swift in Sources */ = {isa = PBXBuildFile; fileRef = 13471B862B207252008E34D0 /* AddressLabelView.swift */; };
/* End PBXBuildFile section */

/* Begin PBXContainerItemProxy section */
		13471B6A2B207223008E34D0 /* PBXContainerItemProxy */ = {
			isa = PBXContainerItemProxy;
			containerPortal = 13471B512B207222008E34D0 /* Project object */;
			proxyType = 1;
			remoteGlobalIDString = 13471B582B207222008E34D0;
			remoteInfo = AddressLabel;
		};
		13471B742B207223008E34D0 /* PBXContainerItemProxy */ = {
			isa = PBXContainerItemProxy;
			containerPortal = 13471B512B207222008E34D0 /* Project object */;
			proxyType = 1;
			remoteGlobalIDString = 13471B582B207222008E34D0;
			remoteInfo = AddressLabel;
		};
/* End PBXContainerItemProxy section */

/* Begin PBXFileReference section */
		13471B592B207222008E34D0 /* AddressLabel.app */ = {isa = PBXFileReference; explicitFileType = wrapper.application; includeInIndex = 0; path = AddressLabel.app; sourceTree = BUILT_PRODUCTS_DIR; };
		13471B5C2B207222008E34D0 /* AddressLabelApp.swift */ = {isa = PBXFileReference; lastKnownFileType = sourcecode.swift; path = AddressLabelApp.swift; sourceTree = "<group>"; };
		13471B5E2B207222008E34D0 /* ContentView.swift */ = {isa = PBXFileReference; lastKnownFileType = sourcecode.swift; path = ContentView.swift; sourceTree = "<group>"; };
		13471B602B207223008E34D0 /* Assets.xcassets */ = {isa = PBXFileReference; lastKnownFileType = folder.assetcatalog; path = Assets.xcassets; sourceTree = "<group>"; };
		13471B632B207223008E34D0 /* Preview Assets.xcassets */ = {isa = PBXFileReference; lastKnownFileType = folder.assetcatalog; path = "Preview Assets.xcassets"; sourceTree = "<group>"; };
		13471B692B207223008E34D0 /* AddressLabelTests.xctest */ = {isa = PBXFileReference; explicitFileType = wrapper.cfbundle; includeInIndex = 0; path = AddressLabelTests.xctest; sourceTree = BUILT_PRODUCTS_DIR; };
		13471B6D2B207223008E34D0 /* AddressLabelTests.swift */ = {isa = PBXFileReference; lastKnownFileType = sourcecode.swift; path = AddressLabelTests.swift; sourceTree = "<group>"; };
		13471B732B207223008E34D0 /* AddressLabelUITests.xctest */ = {isa = PBXFileReference; explicitFileType = wrapper.cfbundle; includeInIndex = 0; path = AddressLabelUITests.xctest; sourceTree = BUILT_PRODUCTS_DIR; };
		13471B772B207223008E34D0 /* AddressLabelUITests.swift */ = {isa = PBXFileReference; lastKnownFileType = sourcecode.swift; path = AddressLabelUITests.swift; sourceTree = "<group>"; };
		13471B792B207223008E34D0 /* AddressLabelUITestsLaunchTests.swift */ = {isa = PBXFileReference; lastKnownFileType = sourcecode.swift; path = AddressLabelUITestsLaunchTests.swift; sourceTree = "<group>"; };
		13471B862B207252008E34D0 /* AddressLabelView.swift */ = {isa = PBXFileReference; lastKnownFileType = sourcecode.swift; path = AddressLabelView.swift; sourceTree = "<group>"; };
/* End PBXFileReference section */

/* Begin PBXFrameworksBuildPhase section */
		13471B562B207222008E34D0 /* Frameworks */ = {
			isa = PBXFrameworksBuildPhase;
			buildActionMask = 2147483647;
			files = (
			);
			runOnlyForDeploymentPostprocessing = 0;
		};
		13471B662B207223008E34D0 /* Frameworks */ = {
			isa = PBXFrameworksBuildPhase;
			buildActionMask = 2147483647;
			files = (
			);
			runOnlyForDeploymentPostprocessing = 0;
		};
		13471B702B207223008E34D0 /* Frameworks */ = {
			isa = PBXFrameworksBuildPhase;
			buildActionMask = 2147483647;
			files = (
			);
			runOnlyForDeploymentPostprocessing = 0;
		};
/* End PBXFrameworksBuildPhase section */

/* Begin PBXGroup section */
		13471B502B207222008E34D0 = {
			isa = PBXGroup;
			children = (
				13471B5B2B207222008E34D0 /* AddressLabel */,
				13471B6C2B207223008E34D0 /* AddressLabelTests */,
				13471B762B207223008E34D0 /* AddressLabelUITests */,
				13471B5A2B207222008E34D0 /* Products */,
			);
			sourceTree = "<group>";
		};
		13471B5A2B207222008E34D0 /* Products */ = {
			isa = PBXGroup;
			children = (
				13471B592B207222008E34D0 /* AddressLabel.app */,
				13471B692B207223008E34D0 /* AddressLabelTests.xctest */,
				13471B732B207223008E34D0 /* AddressLabelUITests.xctest */,
			);
			name = Products;
			sourceTree = "<group>";
		};
		13471B5B2B207222008E34D0 /* AddressLabel */ = {
			isa = PBXGroup;
			children = (
				13471B5C2B207222008E34D0 /* AddressLabelApp.swift */,
				13471B5E2B207222008E34D0 /* ContentView.swift */,
				13471B862B207252008E34D0 /* AddressLabelView.swift */,
				13471B602B207223008E34D0 /* Assets.xcassets */,
				13471B622B207223008E34D0 /* Preview Content */,
			);
			path = AddressLabel;
			sourceTree = "<group>";
		};
		13471B622B207223008E34D0 /* Preview Content */ = {
			isa = PBXGroup;
			children = (
				13471B632B207223008E34D0 /* Preview Assets.xcassets */,
			);
			path = "Preview Content";
			sourceTree = "<group>";
		};
		13471B6C2B207223008E34D0 /* AddressLabelTests */ = {
			isa = PBXGroup;
			children = (
				13471B6D2B207223008E34D0 /* AddressLabelTests.swift */,
			);
			path = AddressLabelTests;
			sourceTree = "<group>";
		};
		13471B762B207223008E34D0 /* AddressLabelUITests */ = {
			isa = PBXGroup;
			children = (
				13471B772B207223008E34D0 /* AddressLabelUITests.swift */,
				13471B792B207223008E34D0 /* AddressLabelUITestsLaunchTests.swift */,
			);
			path = AddressLabelUITests;
			sourceTree = "<group>";
		};
/* End PBXGroup section */

/* Begin PBXNativeTarget section */
		13471B582B207222008E34D0 /* AddressLabel */ = {
			isa = PBXNativeTarget;
			buildConfigurationList = 13471B7D2B207223008E34D0 /* Build configuration list for PBXNativeTarget "AddressLabel" */;
			buildPhases = (
				13471B552B207222008E34D0 /* Sources */,
				13471B562B207222008E34D0 /* Frameworks */,
				13471B572B207222008E34D0 /* Resources */,
			);
			buildRules = (
			);
			dependencies = (
			);
			name = AddressLabel;
			productName = AddressLabel;
			productReference = 13471B592B207222008E34D0 /* AddressLabel.app */;
			productType = "com.apple.product-type.application";
		};
		13471B682B207223008E34D0 /* AddressLabelTests */ = {
			isa = PBXNativeTarget;
			buildConfigurationList = 13471B802B207223008E34D0 /* Build configuration list for PBXNativeTarget "AddressLabelTests" */;
			buildPhases = (
				13471B652B207223008E34D0 /* Sources */,
				13471B662B207223008E34D0 /* Frameworks */,
				13471B672B207223008E34D0 /* Resources */,
			);
			buildRules = (
			);
			dependencies = (
				13471B6B2B207223008E34D0 /* PBXTargetDependency */,
			);
			name = AddressLabelTests;
			productName = AddressLabelTests;
			productReference = 13471B692B207223008E34D0 /* AddressLabelTests.xctest */;
			productType = "com.apple.product-type.bundle.unit-test";
		};
		13471B722B207223008E34D0 /* AddressLabelUITests */ = {
			isa = PBXNativeTarget;
			buildConfigurationList = 13471B832B207223008E34D0 /* Build configuration list for PBXNativeTarget "AddressLabelUITests" */;
			buildPhases = (
				13471B6F2B207223008E34D0 /* Sources */,
				13471B702B207223008E34D0 /* Frameworks */,
				13471B712B207223008E34D0 /* Resources */,
			);
			buildRules = (
			);
			dependencies = (
				13471B752B207223008E34D0 /* PBXTargetDependency */,
			);
			name = AddressLabelUITests;
			productName = AddressLabelUITests;
			productReference = 13471B732B207223008E34D0 /* AddressLabelUITests.xctest */;
			productType = "com.apple.product-type.bundle.ui-testing";
		};
/* End PBXNativeTarget section */

/* Begin PBXProject section */
		13471B512B207222008E34D0 /* Project object */ = {
			isa = PBXProject;
			attributes = {
				BuildIndependentTargetsInParallel = 1;
				LastSwiftUpdateCheck = 1500;
				LastUpgradeCheck = 1500;
				TargetAttributes = {
					13471B582B207222008E34D0 = {
						CreatedOnToolsVersion = 15.0.1;
					};
					13471B682B207223008E34D0 = {
						CreatedOnToolsVersion = 15.0.1;
						TestTargetID = 13471B582B207222008E34D0;
					};
					13471B722B207223008E34D0 = {
						CreatedOnToolsVersion = 15.0.1;
						TestTargetID = 13471B582B207222008E34D0;
					};
				};
			};
			buildConfigurationList = 13471B542B207222008E34D0 /* Build configuration list for PBXProject "AddressLabel" */;
			compatibilityVersion = "Xcode 14.0";
			developmentRegion = en;
			hasScannedForEncodings = 0;
			knownRegions = (
				en,
				Base,
			);
			mainGroup = 13471B502B207222008E34D0;
			productRefGroup = 13471B5A2B207222008E34D0 /* Products */;
			projectDirPath = "";
			projectRoot = "";
			targets = (
				13471B582B207222008E34D0 /* AddressLabel */,
				13471B682B207223008E34D0 /* AddressLabelTests */,
				13471B722B207223008E34D0 /* AddressLabelUITests */,
			);
		};
/* End PBXProject section */

/* Begin PBXResourcesBuildPhase section */
		13471B572B207222008E34D0 /* Resources */ = {
			isa = PBXResourcesBuildPhase;
			buildActionMask = 2147483647;
			files = (
				13471B642B207223008E34D0 /* Preview Assets.xcassets in Resources */,
				13471B612B207223008E34D0 /* Assets.xcassets in Resources */,
			);
			runOnlyForDeploymentPostprocessing = 0;
		};
		13471B672B207223008E34D0 /* Resources */ = {
			isa = PBXResourcesBuildPhase;
			buildActionMask = 2147483647;
			files = (
			);
			runOnlyForDeploymentPostprocessing = 0;
		};
		13471B712B207223008E34D0 /* Resources */ = {
			isa = PBXResourcesBuildPhase;
			buildActionMask = 2147483647;
			files = (
			);
			runOnlyForDeploymentPostprocessing = 0;
		};
/* End PBXResourcesBuildPhase section */

/* Begin PBXSourcesBuildPhase section */
		13471B552B207222008E34D0 /* Sources */ = {
			isa = PBXSourcesBuildPhase;
			buildActionMask = 2147483647;
			files = (
				13471B872B207252008E34D0 /* AddressLabelView.swift in Sources */,
				13471B5F2B207222008E34D0 /* ContentView.swift in Sources */,
				13471B5D2B207222008E34D0 /* AddressLabelApp.swift in Sources */,
			);
			runOnlyForDeploymentPostprocessing = 0;
		};
		13471B652B207223008E34D0 /* Sources */ = {
			isa = PBXSourcesBuildPhase;
			buildActionMask = 2147483647;
			files = (
				13471B6E2B207223008E34D0 /* AddressLabelTests.swift in Sources */,
			);
			runOnlyForDeploymentPostprocessing = 0;
		};
		13471B6F2B207223008E34D0 /* Sources */ = {
			isa = PBXSourcesBuildPhase;
			buildActionMask = 2147483647;
			files = (
				13471B7A2B207223008E34D0 /* AddressLabelUITestsLaunchTests.swift in Sources */,
				13471B782B207223008E34D0 /* AddressLabelUITests.swift in Sources */,
			);
			runOnlyForDeploymentPostprocessing = 0;
		};
/* End PBXSourcesBuildPhase section */

/* Begin PBXTargetDependency section */
		13471B6B2B207223008E34D0 /* PBXTargetDependency */ = {
			isa = PBXTargetDependency;
			target = 13471B582B207222008E34D0 /* AddressLabel */;
			targetProxy = 13471B6A2B207223008E34D0 /* PBXContainerItemProxy */;
		};
		13471B752B207223008E34D0 /* PBXTargetDependency */ = {
			isa = PBXTargetDependency;
			target = 13471B582B207222008E34D0 /* AddressLabel */;
			targetProxy = 13471B742B207223008E34D0 /* PBXContainerItemProxy */;
		};
/* End PBXTargetDependency section */

/* Begin XCBuildConfiguration section */
		13471B7B2B207223008E34D0 /* Debug */ = {
			isa = XCBuildConfiguration;
			buildSettings = {
				ALWAYS_SEARCH_USER_PATHS = NO;
				ASSETCATALOG_COMPILER_GENERATE_SWIFT_ASSET_SYMBOL_EXTENSIONS = YES;
				CLANG_ANALYZER_NONNULL = YES;
				CLANG_ANALYZER_NUMBER_OBJECT_CONVERSION = YES_AGGRESSIVE;
				CLANG_CXX_LANGUAGE_STANDARD = "gnu++20";
				CLANG_ENABLE_MODULES = YES;
				CLANG_ENABLE_OBJC_ARC = YES;
				CLANG_ENABLE_OBJC_WEAK = YES;
				CLANG_WARN_BLOCK_CAPTURE_AUTORELEASING = YES;
				CLANG_WARN_BOOL_CONVERSION = YES;
				CLANG_WARN_COMMA = YES;
				CLANG_WARN_CONSTANT_CONVERSION = YES;
				CLANG_WARN_DEPRECATED_OBJC_IMPLEMENTATIONS = YES;
				CLANG_WARN_DIRECT_OBJC_ISA_USAGE = YES_ERROR;
				CLANG_WARN_DOCUMENTATION_COMMENTS = YES;
				CLANG_WARN_EMPTY_BODY = YES;
				CLANG_WARN_ENUM_CONVERSION = YES;
				CLANG_WARN_INFINITE_RECURSION = YES;
				CLANG_WARN_INT_CONVERSION = YES;
				CLANG_WARN_NON_LITERAL_NULL_CONVERSION = YES;
				CLANG_WARN_OBJC_IMPLICIT_RETAIN_SELF = YES;
				CLANG_WARN_OBJC_LITERAL_CONVERSION = YES;
				CLANG_WARN_OBJC_ROOT_CLASS = YES_ERROR;
				CLANG_WARN_QUOTED_INCLUDE_IN_FRAMEWORK_HEADER = YES;
				CLANG_WARN_RANGE_LOOP_ANALYSIS = YES;
				CLANG_WARN_STRICT_PROTOTYPES = YES;
				CLANG_WARN_SUSPICIOUS_MOVE = YES;
				CLANG_WARN_UNGUARDED_AVAILABILITY = YES_AGGRESSIVE;
				CLANG_WARN_UNREACHABLE_CODE = YES;
				CLANG_WARN__DUPLICATE_METHOD_MATCH = YES;
				COPY_PHASE_STRIP = NO;
				DEBUG_INFORMATION_FORMAT = dwarf;
				ENABLE_STRICT_OBJC_MSGSEND = YES;
				ENABLE_TESTABILITY = YES;
				ENABLE_USER_SCRIPT_SANDBOXING = YES;
				GCC_C_LANGUAGE_STANDARD = gnu17;
				GCC_DYNAMIC_NO_PIC = NO;
				GCC_NO_COMMON_BLOCKS = YES;
				GCC_OPTIMIZATION_LEVEL = 0;
				GCC_PREPROCESSOR_DEFINITIONS = (
					"DEBUG=1",
					"$(inherited)",
				);
				GCC_WARN_64_TO_32_BIT_CONVERSION = YES;
				GCC_WARN_ABOUT_RETURN_TYPE = YES_ERROR;
				GCC_WARN_UNDECLARED_SELECTOR = YES;
				GCC_WARN_UNINITIALIZED_AUTOS = YES_AGGRESSIVE;
				GCC_WARN_UNUSED_FUNCTION = YES;
				GCC_WARN_UNUSED_VARIABLE = YES;
				IPHONEOS_DEPLOYMENT_TARGET = 17.0;
				LOCALIZATION_PREFERS_STRING_CATALOGS = YES;
				MTL_ENABLE_DEBUG_INFO = INCLUDE_SOURCE;
				MTL_FAST_MATH = YES;
				ONLY_ACTIVE_ARCH = YES;
				SDKROOT = iphoneos;
				SWIFT_ACTIVE_COMPILATION_CONDITIONS = "DEBUG $(inherited)";
				SWIFT_OPTIMIZATION_LEVEL = "-Onone";
			};
			name = Debug;
		};
		13471B7C2B207223008E34D0 /* Release */ = {
			isa = XCBuildConfiguration;
			buildSettings = {
				ALWAYS_SEARCH_USER_PATHS = NO;
				ASSETCATALOG_COMPILER_GENERATE_SWIFT_ASSET_SYMBOL_EXTENSIONS = YES;
				CLANG_ANALYZER_NONNULL = YES;
				CLANG_ANALYZER_NUMBER_OBJECT_CONVERSION = YES_AGGRESSIVE;
				CLANG_CXX_LANGUAGE_STANDARD = "gnu++20";
				CLANG_ENABLE_MODULES = YES;
				CLANG_ENABLE_OBJC_ARC = YES;
				CLANG_ENABLE_OBJC_WEAK = YES;
				CLANG_WARN_BLOCK_CAPTURE_AUTORELEASING = YES;
				CLANG_WARN_BOOL_CONVERSION = YES;
				CLANG_WARN_COMMA = YES;
				CLANG_WARN_CONSTANT_CONVERSION = YES;
				CLANG_WARN_DEPRECATED_OBJC_IMPLEMENTATIONS = YES;
				CLANG_WARN_DIRECT_OBJC_ISA_USAGE = YES_ERROR;
				CLANG_WARN_DOCUMENTATION_COMMENTS = YES;
				CLANG_WARN_EMPTY_BODY = YES;
				CLANG_WARN_ENUM_CONVERSION = YES;
				CLANG_WARN_INFINITE_RECURSION = YES;
				CLANG_WARN_INT_CONVERSION = YES;
				CLANG_WARN_NON_LITERAL_NULL_CONVERSION = YES;
				CLANG_WARN_OBJC_IMPLICIT_RETAIN_SELF = YES;
				CLANG_WARN_OBJC_LITERAL_CONVERSION = YES;
				CLANG_WARN_OBJC_ROOT_CLASS = YES_ERROR;
				CLANG_WARN_QUOTED_INCLUDE_IN_FRAMEWORK_HEADER = YES;
				CLANG_WARN_RANGE_LOOP_ANALYSIS = YES;
				CLANG_WARN_STRICT_PROTOTYPES = YES;
				CLANG_WARN_SUSPICIOUS_MOVE = YES;
				CLANG_WARN_UNGUARDED_AVAILABILITY = YES_AGGRESSIVE;
				CLANG_WARN_UNREACHABLE_CODE = YES;
				CLANG_WARN__DUPLICATE_METHOD_MATCH = YES;
				COPY_PHASE_STRIP = NO;
				DEBUG_INFORMATION_FORMAT = "dwarf-with-dsym";
				ENABLE_NS_ASSERTIONS = NO;
				ENABLE_STRICT_OBJC_MSGSEND = YES;
				ENABLE_USER_SCRIPT_SANDBOXING = YES;
				GCC_C_LANGUAGE_STANDARD = gnu17;
				GCC_NO_COMMON_BLOCKS = YES;
				GCC_WARN_64_TO_32_BIT_CONVERSION = YES;
				GCC_WARN_ABOUT_RETURN_TYPE = YES_ERROR;
				GCC_WARN_UNDECLARED_SELECTOR = YES;
				GCC_WARN_UNINITIALIZED_AUTOS = YES_AGGRESSIVE;
				GCC_WARN_UNUSED_FUNCTION = YES;
				GCC_WARN_UNUSED_VARIABLE = YES;
				IPHONEOS_DEPLOYMENT_TARGET = 17.0;
				LOCALIZATION_PREFERS_STRING_CATALOGS = YES;
				MTL_ENABLE_DEBUG_INFO = NO;
				MTL_FAST_MATH = YES;
				SDKROOT = iphoneos;
				SWIFT_COMPILATION_MODE = wholemodule;
				VALIDATE_PRODUCT = YES;
			};
			name = Release;
		};
		13471B7E2B207223008E34D0 /* Debug */ = {
			isa = XCBuildConfiguration;
			buildSettings = {
				ASSETCATALOG_COMPILER_APPICON_NAME = AppIcon;
				ASSETCATALOG_COMPILER_GLOBAL_ACCENT_COLOR_NAME = AccentColor;
				CODE_SIGN_STYLE = Automatic;
				CURRENT_PROJECT_VERSION = 1;
				DEVELOPMENT_ASSET_PATHS = "\"AddressLabel/Preview Content\"";
				ENABLE_PREVIEWS = YES;
				GENERATE_INFOPLIST_FILE = YES;
				INFOPLIST_KEY_UIApplicationSceneManifest_Generation = YES;
				INFOPLIST_KEY_UIApplicationSupportsIndirectInputEvents = YES;
				INFOPLIST_KEY_UILaunchScreen_Generation = YES;
				INFOPLIST_KEY_UISupportedInterfaceOrientations_iPad = "UIInterfaceOrientationPortrait UIInterfaceOrientationPortraitUpsideDown UIInterfaceOrientationLandscapeLeft UIInterfaceOrientationLandscapeRight";
				INFOPLIST_KEY_UISupportedInterfaceOrientations_iPhone = "UIInterfaceOrientationPortrait UIInterfaceOrientationLandscapeLeft UIInterfaceOrientationLandscapeRight";
				LD_RUNPATH_SEARCH_PATHS = (
					"$(inherited)",
					"@executable_path/Frameworks",
				);
				MARKETING_VERSION = 1.0;
				PRODUCT_BUNDLE_IDENTIFIER = com.ferenc.ios.AddressLabel;
				PRODUCT_NAME = "$(TARGET_NAME)";
				SWIFT_EMIT_LOC_STRINGS = YES;
				SWIFT_VERSION = 5.0;
				TARGETED_DEVICE_FAMILY = "1,2";
			};
			name = Debug;
		};
		13471B7F2B207223008E34D0 /* Release */ = {
			isa = XCBuildConfiguration;
			buildSettings = {
				ASSETCATALOG_COMPILER_APPICON_NAME = AppIcon;
				ASSETCATALOG_COMPILER_GLOBAL_ACCENT_COLOR_NAME = AccentColor;
				CODE_SIGN_STYLE = Automatic;
				CURRENT_PROJECT_VERSION = 1;
				DEVELOPMENT_ASSET_PATHS = "\"AddressLabel/Preview Content\"";
				ENABLE_PREVIEWS = YES;
				GENERATE_INFOPLIST_FILE = YES;
				INFOPLIST_KEY_UIApplicationSceneManifest_Generation = YES;
				INFOPLIST_KEY_UIApplicationSupportsIndirectInputEvents = YES;
				INFOPLIST_KEY_UILaunchScreen_Generation = YES;
				INFOPLIST_KEY_UISupportedInterfaceOrientations_iPad = "UIInterfaceOrientationPortrait UIInterfaceOrientationPortraitUpsideDown UIInterfaceOrientationLandscapeLeft UIInterfaceOrientationLandscapeRight";
				INFOPLIST_KEY_UISupportedInterfaceOrientations_iPhone = "UIInterfaceOrientationPortrait UIInterfaceOrientationLandscapeLeft UIInterfaceOrientationLandscapeRight";
				LD_RUNPATH_SEARCH_PATHS = (
					"$(inherited)",
					"@executable_path/Frameworks",
				);
				MARKETING_VERSION = 1.0;
				PRODUCT_BUNDLE_IDENTIFIER = com.ferenc.ios.AddressLabel;
				PRODUCT_NAME = "$(TARGET_NAME)";
				SWIFT_EMIT_LOC_STRINGS = YES;
				SWIFT_VERSION = 5.0;
				TARGETED_DEVICE_FAMILY = "1,2";
			};
			name = Release;
		};
		13471B812B207223008E34D0 /* Debug */ = {
			isa = XCBuildConfiguration;
			buildSettings = {
				ALWAYS_EMBED_SWIFT_STANDARD_LIBRARIES = YES;
				BUNDLE_LOADER = "$(TEST_HOST)";
				CODE_SIGN_STYLE = Automatic;
				CURRENT_PROJECT_VERSION = 1;
				GENERATE_INFOPLIST_FILE = YES;
				IPHONEOS_DEPLOYMENT_TARGET = 17.0;
				MARKETING_VERSION = 1.0;
				PRODUCT_BUNDLE_IDENTIFIER = com.ferenc.ios.AddressLabelTests;
				PRODUCT_NAME = "$(TARGET_NAME)";
				SWIFT_EMIT_LOC_STRINGS = NO;
				SWIFT_VERSION = 5.0;
				TARGETED_DEVICE_FAMILY = "1,2";
				TEST_HOST = "$(BUILT_PRODUCTS_DIR)/AddressLabel.app/$(BUNDLE_EXECUTABLE_FOLDER_PATH)/AddressLabel";
			};
			name = Debug;
		};
		13471B822B207223008E34D0 /* Release */ = {
			isa = XCBuildConfiguration;
			buildSettings = {
				ALWAYS_EMBED_SWIFT_STANDARD_LIBRARIES = YES;
				BUNDLE_LOADER = "$(TEST_HOST)";
				CODE_SIGN_STYLE = Automatic;
				CURRENT_PROJECT_VERSION = 1;
				GENERATE_INFOPLIST_FILE = YES;
				IPHONEOS_DEPLOYMENT_TARGET = 17.0;
				MARKETING_VERSION = 1.0;
				PRODUCT_BUNDLE_IDENTIFIER = com.ferenc.ios.AddressLabelTests;
				PRODUCT_NAME = "$(TARGET_NAME)";
				SWIFT_EMIT_LOC_STRINGS = NO;
				SWIFT_VERSION = 5.0;
				TARGETED_DEVICE_FAMILY = "1,2";
				TEST_HOST = "$(BUILT_PRODUCTS_DIR)/AddressLabel.app/$(BUNDLE_EXECUTABLE_FOLDER_PATH)/AddressLabel";
			};
			name = Release;
		};
		13471B842B207223008E34D0 /* Debug */ = {
			isa = XCBuildConfiguration;
			buildSettings = {
				ALWAYS_EMBED_SWIFT_STANDARD_LIBRARIES = YES;
				CODE_SIGN_STYLE = Automatic;
				CURRENT_PROJECT_VERSION = 1;
				GENERATE_INFOPLIST_FILE = YES;
				MARKETING_VERSION = 1.0;
				PRODUCT_BUNDLE_IDENTIFIER = com.ferenc.ios.AddressLabelUITests;
				PRODUCT_NAME = "$(TARGET_NAME)";
				SWIFT_EMIT_LOC_STRINGS = NO;
				SWIFT_VERSION = 5.0;
				TARGETED_DEVICE_FAMILY = "1,2";
				TEST_TARGET_NAME = AddressLabel;
			};
			name = Debug;
		};
		13471B852B207223008E34D0 /* Release */ = {
			isa = XCBuildConfiguration;
			buildSettings = {
				ALWAYS_EMBED_SWIFT_STANDARD_LIBRARIES = YES;
				CODE_SIGN_STYLE = Automatic;
				CURRENT_PROJECT_VERSION = 1;
				GENERATE_INFOPLIST_FILE = YES;
				MARKETING_VERSION = 1.0;
				PRODUCT_BUNDLE_IDENTIFIER = com.ferenc.ios.AddressLabelUITests;
				PRODUCT_NAME = "$(TARGET_NAME)";
				SWIFT_EMIT_LOC_STRINGS = NO;
				SWIFT_VERSION = 5.0;
				TARGETED_DEVICE_FAMILY = "1,2";
				TEST_TARGET_NAME = AddressLabel;
			};
			name = Release;
		};
/* End XCBuildConfiguration section */

/* Begin XCConfigurationList section */
		13471B542B207222008E34D0 /* Build configuration list for PBXProject "AddressLabel" */ = {
			isa = XCConfigurationList;
			buildConfigurations = (
				13471B7B2B207223008E34D0 /* Debug */,
				13471B7C2B207223008E34D0 /* Release */,
			);
			defaultConfigurationIsVisible = 0;
			defaultConfigurationName = Release;
		};
		13471B7D2B207223008E34D0 /* Build configuration list for PBXNativeTarget "AddressLabel" */ = {
			isa = XCConfigurationList;
			buildConfigurations = (
				13471B7E2B207223008E34D0 /* Debug */,
				13471B7F2B207223008E34D0 /* Release */,
			);
			defaultConfigurationIsVisible = 0;
			defaultConfigurationName = Release;
		};
		13471B802B207223008E34D0 /* Build configuration list for PBXNativeTarget "AddressLabelTests" */ = {
			isa = XCConfigurationList;
			buildConfigurations = (
				13471B812B207223008E34D0 /* Debug */,
				13471B822B207223008E34D0 /* Release */,
			);
			defaultConfigurationIsVisible = 0;
			defaultConfigurationName = Release;
		};
		13471B832B207223008E34D0 /* Build configuration list for PBXNativeTarget "AddressLabelUITests" */ = {
			isa = XCConfigurationList;
			buildConfigurations = (
				13471B842B207223008E34D0 /* Debug */,
				13471B852B207223008E34D0 /* Release */,
			);
			defaultConfigurationIsVisible = 0;
			defaultConfigurationName = Release;
		};
/* End XCConfigurationList section */
	};
	rootObject = 13471B512B207222008E34D0 /* Project object */;
}
